{
  "name": "pre-order-factory",
  "requires": true,
  "lockfileVersion": 1,
  "dependencies": {
    "medium-editor": {
      "version": "5.23.1",
      "resolved": "https://registry.npmjs.org/medium-editor/-/medium-editor-5.23.1.tgz",
      "integrity": "sha1-Aue2lZuN7NnHE9AHCD6e8eJIQGU="
    },
    "moment": {
      "version": "2.18.1",
      "resolved": "https://registry.npmjs.org/moment/-/moment-2.18.1.tgz",
      "integrity": "sha1-w2GT3Tzhwu7SrbfIAtu8d6gbHA8="
    },
    "pikaday": {
      "version": "1.6.1",
      "resolved": "https://registry.npmjs.org/pikaday/-/pikaday-1.6.1.tgz",
      "integrity": "sha512-B+pxVcSGuzLblMe4dnhCF3dnI2zkyj5GAqanGX9cVcOk90fp2ULo1OZFUPRXQXUE5tmcimnk1tPOFs8tUHQetQ==",
      "requires": {
        "moment": "2.18.1"
      }
    },
    "tinymce": {
      "version": "4.6.4",
      "resolved": "https://registry.npmjs.org/tinymce/-/tinymce-4.6.4.tgz",
      "integrity": "sha1-dBVVnyZt4kvqfmnVnkPh5h59EaQ="
    }
  }
}
